// !$*UTF8*$!
{
	archiveVersion = 1;
	classes = {
	};
	objectVersion = 55;
	objects = {

/* Begin PBXBuildFile section */
		3C1C5684F3906A3D14A2DBC7 /* Pods_EditVideo_EditVideoUITests.framework in Frameworks */ = {isa = PBXBuildFile; fileRef = F59D30B159A91FABC3385368 /* Pods_EditVideo_EditVideoUITests.framework */; };
		5F0C443A1C5D6662B5991EB2 /* Pods_EditVideoTests.framework in Frameworks */ = {isa = PBXBuildFile; fileRef = 2EF5F111343F215A8F52FB8B /* Pods_EditVideoTests.framework */; };
		C24F62F0D18304E96FBFA859 /* Pods_EditVideo.framework in Frameworks */ = {isa = PBXBuildFile; fileRef = 8AC3834556C336B262A2DE0C /* Pods_EditVideo.framework */; };
		D46B462229890842008713C6 /* AppDelegate.swift in Sources */ = {isa = PBXBuildFile; fileRef = D46B462129890842008713C6 /* AppDelegate.swift */; };
		D46B462429890842008713C6 /* SceneDelegate.swift in Sources */ = {isa = PBXBuildFile; fileRef = D46B462329890842008713C6 /* SceneDelegate.swift */; };
		D46B462629890842008713C6 /* ViewController.swift in Sources */ = {isa = PBXBuildFile; fileRef = D46B462529890842008713C6 /* ViewController.swift */; };
		D46B462929890842008713C6 /* Main.storyboard in Resources */ = {isa = PBXBuildFile; fileRef = D46B462729890842008713C6 /* Main.storyboard */; };
		D46B462B29890845008713C6 /* Assets.xcassets in Resources */ = {isa = PBXBuildFile; fileRef = D46B462A29890845008713C6 /* Assets.xcassets */; };
		D46B462E29890845008713C6 /* LaunchScreen.storyboard in Resources */ = {isa = PBXBuildFile; fileRef = D46B462C29890845008713C6 /* LaunchScreen.storyboard */; };
		D46B463929890845008713C6 /* EditVideoTests.swift in Sources */ = {isa = PBXBuildFile; fileRef = D46B463829890845008713C6 /* EditVideoTests.swift */; };
		D46B464329890845008713C6 /* EditVideoUITests.swift in Sources */ = {isa = PBXBuildFile; fileRef = D46B464229890845008713C6 /* EditVideoUITests.swift */; };
		D46B464529890845008713C6 /* EditVideoUITestsLaunchTests.swift in Sources */ = {isa = PBXBuildFile; fileRef = D46B464429890845008713C6 /* EditVideoUITestsLaunchTests.swift */; };
		D46B465C298A520B008713C6 /* FilterTypeCell.xib in Resources */ = {isa = PBXBuildFile; fileRef = D46B465B298A520B008713C6 /* FilterTypeCell.xib */; };
		D46B465E298A5217008713C6 /* FilterTypeCell.swift in Sources */ = {isa = PBXBuildFile; fileRef = D46B465D298A5217008713C6 /* FilterTypeCell.swift */; };
/* End PBXBuildFile section */

/* Begin PBXContainerItemProxy section */
		D46B463529890845008713C6 /* PBXContainerItemProxy */ = {
			isa = PBXContainerItemProxy;
			containerPortal = D46B461629890842008713C6 /* Project object */;
			proxyType = 1;
			remoteGlobalIDString = D46B461D29890842008713C6;
			remoteInfo = EditVideo;
		};
		D46B463F29890845008713C6 /* PBXContainerItemProxy */ = {
			isa = PBXContainerItemProxy;
			containerPortal = D46B461629890842008713C6 /* Project object */;
			proxyType = 1;
			remoteGlobalIDString = D46B461D29890842008713C6;
			remoteInfo = EditVideo;
		};
/* End PBXContainerItemProxy section */

/* Begin PBXFileReference section */
		2EF5F111343F215A8F52FB8B /* Pods_EditVideoTests.framework */ = {isa = PBXFileReference; explicitFileType = wrapper.framework; includeInIndex = 0; path = Pods_EditVideoTests.framework; sourceTree = BUILT_PRODUCTS_DIR; };
		33282D560C388F702DF17A94 /* Pods-EditVideoTests.debug.xcconfig */ = {isa = PBXFileReference; includeInIndex = 1; lastKnownFileType = text.xcconfig; name = "Pods-EditVideoTests.debug.xcconfig"; path = "Target Support Files/Pods-EditVideoTests/Pods-EditVideoTests.debug.xcconfig"; sourceTree = "<group>"; };
		5829EF82EA091F78E604BCB0 /* Pods-EditVideo-EditVideoUITests.release.xcconfig */ = {isa = PBXFileReference; includeInIndex = 1; lastKnownFileType = text.xcconfig; name = "Pods-EditVideo-EditVideoUITests.release.xcconfig"; path = "Target Support Files/Pods-EditVideo-EditVideoUITests/Pods-EditVideo-EditVideoUITests.release.xcconfig"; sourceTree = "<group>"; };
		6F15D580DF428D16C4C6E74E /* Pods-EditVideoTests.release.xcconfig */ = {isa = PBXFileReference; includeInIndex = 1; lastKnownFileType = text.xcconfig; name = "Pods-EditVideoTests.release.xcconfig"; path = "Target Support Files/Pods-EditVideoTests/Pods-EditVideoTests.release.xcconfig"; sourceTree = "<group>"; };
		8AC3834556C336B262A2DE0C /* Pods_EditVideo.framework */ = {isa = PBXFileReference; explicitFileType = wrapper.framework; includeInIndex = 0; path = Pods_EditVideo.framework; sourceTree = BUILT_PRODUCTS_DIR; };
		A6CA9F2DE92ED9E6E6267378 /* Pods-EditVideo.release.xcconfig */ = {isa = PBXFileReference; includeInIndex = 1; lastKnownFileType = text.xcconfig; name = "Pods-EditVideo.release.xcconfig"; path = "Target Support Files/Pods-EditVideo/Pods-EditVideo.release.xcconfig"; sourceTree = "<group>"; };
		A88CFD96832E1AC3884A5A00 /* Pods-EditVideo.debug.xcconfig */ = {isa = PBXFileReference; includeInIndex = 1; lastKnownFileType = text.xcconfig; name = "Pods-EditVideo.debug.xcconfig"; path = "Target Support Files/Pods-EditVideo/Pods-EditVideo.debug.xcconfig"; sourceTree = "<group>"; };
		BDD8F02B0E0D73B7D14B8B9C /* Pods-EditVideo-EditVideoUITests.debug.xcconfig */ = {isa = PBXFileReference; includeInIndex = 1; lastKnownFileType = text.xcconfig; name = "Pods-EditVideo-EditVideoUITests.debug.xcconfig"; path = "Target Support Files/Pods-EditVideo-EditVideoUITests/Pods-EditVideo-EditVideoUITests.debug.xcconfig"; sourceTree = "<group>"; };
		D46B461E29890842008713C6 /* EditVideo.app */ = {isa = PBXFileReference; explicitFileType = wrapper.application; includeInIndex = 0; path = EditVideo.app; sourceTree = BUILT_PRODUCTS_DIR; };
		D46B462129890842008713C6 /* AppDelegate.swift */ = {isa = PBXFileReference; lastKnownFileType = sourcecode.swift; path = AppDelegate.swift; sourceTree = "<group>"; };
		D46B462329890842008713C6 /* SceneDelegate.swift */ = {isa = PBXFileReference; lastKnownFileType = sourcecode.swift; path = SceneDelegate.swift; sourceTree = "<group>"; };
		D46B462529890842008713C6 /* ViewController.swift */ = {isa = PBXFileReference; lastKnownFileType = sourcecode.swift; path = ViewController.swift; sourceTree = "<group>"; };
		D46B462829890842008713C6 /* Base */ = {isa = PBXFileReference; lastKnownFileType = file.storyboard; name = Base; path = Base.lproj/Main.storyboard; sourceTree = "<group>"; };
		D46B462A29890845008713C6 /* Assets.xcassets */ = {isa = PBXFileReference; lastKnownFileType = folder.assetcatalog; path = Assets.xcassets; sourceTree = "<group>"; };
		D46B462D29890845008713C6 /* Base */ = {isa = PBXFileReference; lastKnownFileType = file.storyboard; name = Base; path = Base.lproj/LaunchScreen.storyboard; sourceTree = "<group>"; };
		D46B462F29890845008713C6 /* Info.plist */ = {isa = PBXFileReference; lastKnownFileType = text.plist.xml; path = Info.plist; sourceTree = "<group>"; };
		D46B463429890845008713C6 /* EditVideoTests.xctest */ = {isa = PBXFileReference; explicitFileType = wrapper.cfbundle; includeInIndex = 0; path = EditVideoTests.xctest; sourceTree = BUILT_PRODUCTS_DIR; };
		D46B463829890845008713C6 /* EditVideoTests.swift */ = {isa = PBXFileReference; lastKnownFileType = sourcecode.swift; path = EditVideoTests.swift; sourceTree = "<group>"; };
		D46B463E29890845008713C6 /* EditVideoUITests.xctest */ = {isa = PBXFileReference; explicitFileType = wrapper.cfbundle; includeInIndex = 0; path = EditVideoUITests.xctest; sourceTree = BUILT_PRODUCTS_DIR; };
		D46B464229890845008713C6 /* EditVideoUITests.swift */ = {isa = PBXFileReference; lastKnownFileType = sourcecode.swift; path = EditVideoUITests.swift; sourceTree = "<group>"; };
		D46B464429890845008713C6 /* EditVideoUITestsLaunchTests.swift */ = {isa = PBXFileReference; lastKnownFileType = sourcecode.swift; path = EditVideoUITestsLaunchTests.swift; sourceTree = "<group>"; };
		D46B465B298A520B008713C6 /* FilterTypeCell.xib */ = {isa = PBXFileReference; lastKnownFileType = file.xib; path = FilterTypeCell.xib; sourceTree = "<group>"; };
		D46B465D298A5217008713C6 /* FilterTypeCell.swift */ = {isa = PBXFileReference; lastKnownFileType = sourcecode.swift; path = FilterTypeCell.swift; sourceTree = "<group>"; };
		F59D30B159A91FABC3385368 /* Pods_EditVideo_EditVideoUITests.framework */ = {isa = PBXFileReference; explicitFileType = wrapper.framework; includeInIndex = 0; path = Pods_EditVideo_EditVideoUITests.framework; sourceTree = BUILT_PRODUCTS_DIR; };
/* End PBXFileReference section */

/* Begin PBXFrameworksBuildPhase section */
		D46B461B29890842008713C6 /* Frameworks */ = {
			isa = PBXFrameworksBuildPhase;
			buildActionMask = 2147483647;
			files = (
				C24F62F0D18304E96FBFA859 /* Pods_EditVideo.framework in Frameworks */,
			);
			runOnlyForDeploymentPostprocessing = 0;
		};
		D46B463129890845008713C6 /* Frameworks */ = {
			isa = PBXFrameworksBuildPhase;
			buildActionMask = 2147483647;
			files = (
				5F0C443A1C5D6662B5991EB2 /* Pods_EditVideoTests.framework in Frameworks */,
			);
			runOnlyForDeploymentPostprocessing = 0;
		};
		D46B463B29890845008713C6 /* Frameworks */ = {
			isa = PBXFrameworksBuildPhase;
			buildActionMask = 2147483647;
			files = (
				3C1C5684F3906A3D14A2DBC7 /* Pods_EditVideo_EditVideoUITests.framework in Frameworks */,
			);
			runOnlyForDeploymentPostprocessing = 0;
		};
/* End PBXFrameworksBuildPhase section */

/* Begin PBXGroup section */
		365978762F64615DEED4355D /* Pods */ = {
			isa = PBXGroup;
			children = (
				A88CFD96832E1AC3884A5A00 /* Pods-EditVideo.debug.xcconfig */,
				A6CA9F2DE92ED9E6E6267378 /* Pods-EditVideo.release.xcconfig */,
				BDD8F02B0E0D73B7D14B8B9C /* Pods-EditVideo-EditVideoUITests.debug.xcconfig */,
				5829EF82EA091F78E604BCB0 /* Pods-EditVideo-EditVideoUITests.release.xcconfig */,
				33282D560C388F702DF17A94 /* Pods-EditVideoTests.debug.xcconfig */,
				6F15D580DF428D16C4C6E74E /* Pods-EditVideoTests.release.xcconfig */,
			);
			path = Pods;
			sourceTree = "<group>";
		};
		503FA0B1DFC5647F90A37B8A /* Frameworks */ = {
			isa = PBXGroup;
			children = (
				8AC3834556C336B262A2DE0C /* Pods_EditVideo.framework */,
				F59D30B159A91FABC3385368 /* Pods_EditVideo_EditVideoUITests.framework */,
				2EF5F111343F215A8F52FB8B /* Pods_EditVideoTests.framework */,
			);
			name = Frameworks;
			sourceTree = "<group>";
		};
		D46B461529890842008713C6 = {
			isa = PBXGroup;
			children = (
				D46B462029890842008713C6 /* EditVideo */,
				D46B463729890845008713C6 /* EditVideoTests */,
				D46B464129890845008713C6 /* EditVideoUITests */,
				D46B461F29890842008713C6 /* Products */,
				365978762F64615DEED4355D /* Pods */,
				503FA0B1DFC5647F90A37B8A /* Frameworks */,
			);
			sourceTree = "<group>";
		};
		D46B461F29890842008713C6 /* Products */ = {
			isa = PBXGroup;
			children = (
				D46B461E29890842008713C6 /* EditVideo.app */,
				D46B463429890845008713C6 /* EditVideoTests.xctest */,
				D46B463E29890845008713C6 /* EditVideoUITests.xctest */,
			);
			name = Products;
			sourceTree = "<group>";
		};
		D46B462029890842008713C6 /* EditVideo */ = {
			isa = PBXGroup;
			children = (
				D46B465A298A51F2008713C6 /* FilterTypeCell */,
				D46B462129890842008713C6 /* AppDelegate.swift */,
				D46B462329890842008713C6 /* SceneDelegate.swift */,
				D46B462529890842008713C6 /* ViewController.swift */,
				D46B462729890842008713C6 /* Main.storyboard */,
				D46B462A29890845008713C6 /* Assets.xcassets */,
				D46B462C29890845008713C6 /* LaunchScreen.storyboard */,
				D46B462F29890845008713C6 /* Info.plist */,
			);
			path = EditVideo;
			sourceTree = "<group>";
		};
		D46B463729890845008713C6 /* EditVideoTests */ = {
			isa = PBXGroup;
			children = (
				D46B463829890845008713C6 /* EditVideoTests.swift */,
			);
			path = EditVideoTests;
			sourceTree = "<group>";
		};
		D46B464129890845008713C6 /* EditVideoUITests */ = {
			isa = PBXGroup;
			children = (
				D46B464229890845008713C6 /* EditVideoUITests.swift */,
				D46B464429890845008713C6 /* EditVideoUITestsLaunchTests.swift */,
			);
			path = EditVideoUITests;
			sourceTree = "<group>";
		};
		D46B465A298A51F2008713C6 /* FilterTypeCell */ = {
			isa = PBXGroup;
			children = (
				D46B465B298A520B008713C6 /* FilterTypeCell.xib */,
				D46B465D298A5217008713C6 /* FilterTypeCell.swift */,
			);
			path = FilterTypeCell;
			sourceTree = "<group>";
		};
/* End PBXGroup section */

/* Begin PBXNativeTarget section */
		D46B461D29890842008713C6 /* EditVideo */ = {
			isa = PBXNativeTarget;
			buildConfigurationList = D46B464829890845008713C6 /* Build configuration list for PBXNativeTarget "EditVideo" */;
			buildPhases = (
				3F158307E19029C5B9EF5C42 /* [CP] Check Pods Manifest.lock */,
				D46B461A29890842008713C6 /* Sources */,
				D46B461B29890842008713C6 /* Frameworks */,
				D46B461C29890842008713C6 /* Resources */,
				8AA8C982C3E857D145AEA9C1 /* [CP] Embed Pods Frameworks */,
			);
			buildRules = (
			);
			dependencies = (
			);
			name = EditVideo;
			productName = EditVideo;
			productReference = D46B461E29890842008713C6 /* EditVideo.app */;
			productType = "com.apple.product-type.application";
		};
		D46B463329890845008713C6 /* EditVideoTests */ = {
			isa = PBXNativeTarget;
			buildConfigurationList = D46B464B29890845008713C6 /* Build configuration list for PBXNativeTarget "EditVideoTests" */;
			buildPhases = (
				9E65FF799E5ABBEBE5ECCF6F /* [CP] Check Pods Manifest.lock */,
				D46B463029890845008713C6 /* Sources */,
				D46B463129890845008713C6 /* Frameworks */,
				D46B463229890845008713C6 /* Resources */,
			);
			buildRules = (
			);
			dependencies = (
				D46B463629890845008713C6 /* PBXTargetDependency */,
			);
			name = EditVideoTests;
			productName = EditVideoTests;
			productReference = D46B463429890845008713C6 /* EditVideoTests.xctest */;
			productType = "com.apple.product-type.bundle.unit-test";
		};
		D46B463D29890845008713C6 /* EditVideoUITests */ = {
			isa = PBXNativeTarget;
			buildConfigurationList = D46B464E29890845008713C6 /* Build configuration list for PBXNativeTarget "EditVideoUITests" */;
			buildPhases = (
				4E1589B6BAC03C9659BC56E4 /* [CP] Check Pods Manifest.lock */,
				D46B463A29890845008713C6 /* Sources */,
				D46B463B29890845008713C6 /* Frameworks */,
				D46B463C29890845008713C6 /* Resources */,
				298E1304E80824FBB90867F8 /* [CP] Embed Pods Frameworks */,
			);
			buildRules = (
			);
			dependencies = (
				D46B464029890845008713C6 /* PBXTargetDependency */,
			);
			name = EditVideoUITests;
			productName = EditVideoUITests;
			productReference = D46B463E29890845008713C6 /* EditVideoUITests.xctest */;
			productType = "com.apple.product-type.bundle.ui-testing";
		};
/* End PBXNativeTarget section */

/* Begin PBXProject section */
		D46B461629890842008713C6 /* Project object */ = {
			isa = PBXProject;
			attributes = {
				BuildIndependentTargetsInParallel = 1;
				LastSwiftUpdateCheck = 1340;
				LastUpgradeCheck = 1340;
				TargetAttributes = {
					D46B461D29890842008713C6 = {
						CreatedOnToolsVersion = 13.4;
					};
					D46B463329890845008713C6 = {
						CreatedOnToolsVersion = 13.4;
						TestTargetID = D46B461D29890842008713C6;
					};
					D46B463D29890845008713C6 = {
						CreatedOnToolsVersion = 13.4;
						TestTargetID = D46B461D29890842008713C6;
					};
				};
			};
			buildConfigurationList = D46B461929890842008713C6 /* Build configuration list for PBXProject "EditVideo" */;
			compatibilityVersion = "Xcode 13.0";
			developmentRegion = en;
			hasScannedForEncodings = 0;
			knownRegions = (
				en,
				Base,
			);
			mainGroup = D46B461529890842008713C6;
			productRefGroup = D46B461F29890842008713C6 /* Products */;
			projectDirPath = "";
			projectRoot = "";
			targets = (
				D46B461D29890842008713C6 /* EditVideo */,
				D46B463329890845008713C6 /* EditVideoTests */,
				D46B463D29890845008713C6 /* EditVideoUITests */,
			);
		};
/* End PBXProject section */

/* Begin PBXResourcesBuildPhase section */
		D46B461C29890842008713C6 /* Resources */ = {
			isa = PBXResourcesBuildPhase;
			buildActionMask = 2147483647;
			files = (
				D46B462E29890845008713C6 /* LaunchScreen.storyboard in Resources */,
				D46B462B29890845008713C6 /* Assets.xcassets in Resources */,
				D46B462929890842008713C6 /* Main.storyboard in Resources */,
				D46B465C298A520B008713C6 /* FilterTypeCell.xib in Resources */,
			);
			runOnlyForDeploymentPostprocessing = 0;
		};
		D46B463229890845008713C6 /* Resources */ = {
			isa = PBXResourcesBuildPhase;
			buildActionMask = 2147483647;
			files = (
			);
			runOnlyForDeploymentPostprocessing = 0;
		};
		D46B463C29890845008713C6 /* Resources */ = {
			isa = PBXResourcesBuildPhase;
			buildActionMask = 2147483647;
			files = (
			);
			runOnlyForDeploymentPostprocessing = 0;
		};
/* End PBXResourcesBuildPhase section */

/* Begin PBXShellScriptBuildPhase section */
		298E1304E80824FBB90867F8 /* [CP] Embed Pods Frameworks */ = {
			isa = PBXShellScriptBuildPhase;
			buildActionMask = 2147483647;
			files = (
			);
			inputFileListPaths = (
				"${PODS_ROOT}/Target Support Files/Pods-EditVideo-EditVideoUITests/Pods-EditVideo-EditVideoUITests-frameworks-${CONFIGURATION}-input-files.xcfilelist",
			);
			name = "[CP] Embed Pods Frameworks";
			outputFileListPaths = (
				"${PODS_ROOT}/Target Support Files/Pods-EditVideo-EditVideoUITests/Pods-EditVideo-EditVideoUITests-frameworks-${CONFIGURATION}-output-files.xcfilelist",
			);
			runOnlyForDeploymentPostprocessing = 0;
			shellPath = /bin/sh;
			shellScript = "\"${PODS_ROOT}/Target Support Files/Pods-EditVideo-EditVideoUITests/Pods-EditVideo-EditVideoUITests-frameworks.sh\"\n";
			showEnvVarsInLog = 0;
		};
		3F158307E19029C5B9EF5C42 /* [CP] Check Pods Manifest.lock */ = {
			isa = PBXShellScriptBuildPhase;
			buildActionMask = 2147483647;
			files = (
			);
			inputFileListPaths = (
			);
			inputPaths = (
				"${PODS_PODFILE_DIR_PATH}/Podfile.lock",
				"${PODS_ROOT}/Manifest.lock",
			);
			name = "[CP] Check Pods Manifest.lock";
			outputFileListPaths = (
			);
			outputPaths = (
				"$(DERIVED_FILE_DIR)/Pods-EditVideo-checkManifestLockResult.txt",
			);
			runOnlyForDeploymentPostprocessing = 0;
			shellPath = /bin/sh;
			shellScript = "diff \"${PODS_PODFILE_DIR_PATH}/Podfile.lock\" \"${PODS_ROOT}/Manifest.lock\" > /dev/null\nif [ $? != 0 ] ; then\n    # print error to STDERR\n    echo \"error: The sandbox is not in sync with the Podfile.lock. Run 'pod install' or update your CocoaPods installation.\" >&2\n    exit 1\nfi\n# This output is used by Xcode 'outputs' to avoid re-running this script phase.\necho \"SUCCESS\" > \"${SCRIPT_OUTPUT_FILE_0}\"\n";
			showEnvVarsInLog = 0;
		};
		4E1589B6BAC03C9659BC56E4 /* [CP] Check Pods Manifest.lock */ = {
			isa = PBXShellScriptBuildPhase;
			buildActionMask = 2147483647;
			files = (
			);
			inputFileListPaths = (
			);
			inputPaths = (
				"${PODS_PODFILE_DIR_PATH}/Podfile.lock",
				"${PODS_ROOT}/Manifest.lock",
			);
			name = "[CP] Check Pods Manifest.lock";
			outputFileListPaths = (
			);
			outputPaths = (
				"$(DERIVED_FILE_DIR)/Pods-EditVideo-EditVideoUITests-checkManifestLockResult.txt",
			);
			runOnlyForDeploymentPostprocessing = 0;
			shellPath = /bin/sh;
			shellScript = "diff \"${PODS_PODFILE_DIR_PATH}/Podfile.lock\" \"${PODS_ROOT}/Manifest.lock\" > /dev/null\nif [ $? != 0 ] ; then\n    # print error to STDERR\n    echo \"error: The sandbox is not in sync with the Podfile.lock. Run 'pod install' or update your CocoaPods installation.\" >&2\n    exit 1\nfi\n# This output is used by Xcode 'outputs' to avoid re-running this script phase.\necho \"SUCCESS\" > \"${SCRIPT_OUTPUT_FILE_0}\"\n";
			showEnvVarsInLog = 0;
		};
		8AA8C982C3E857D145AEA9C1 /* [CP] Embed Pods Frameworks */ = {
			isa = PBXShellScriptBuildPhase;
			buildActionMask = 2147483647;
			files = (
			);
			inputFileListPaths = (
				"${PODS_ROOT}/Target Support Files/Pods-EditVideo/Pods-EditVideo-frameworks-${CONFIGURATION}-input-files.xcfilelist",
			);
			name = "[CP] Embed Pods Frameworks";
			outputFileListPaths = (
				"${PODS_ROOT}/Target Support Files/Pods-EditVideo/Pods-EditVideo-frameworks-${CONFIGURATION}-output-files.xcfilelist",
			);
			runOnlyForDeploymentPostprocessing = 0;
			shellPath = /bin/sh;
			shellScript = "\"${PODS_ROOT}/Target Support Files/Pods-EditVideo/Pods-EditVideo-frameworks.sh\"\n";
			showEnvVarsInLog = 0;
		};
		9E65FF799E5ABBEBE5ECCF6F /* [CP] Check Pods Manifest.lock */ = {
			isa = PBXShellScriptBuildPhase;
			buildActionMask = 2147483647;
			files = (
			);
			inputFileListPaths = (
			);
			inputPaths = (
				"${PODS_PODFILE_DIR_PATH}/Podfile.lock",
				"${PODS_ROOT}/Manifest.lock",
			);
			name = "[CP] Check Pods Manifest.lock";
			outputFileListPaths = (
			);
			outputPaths = (
				"$(DERIVED_FILE_DIR)/Pods-EditVideoTests-checkManifestLockResult.txt",
			);
			runOnlyForDeploymentPostprocessing = 0;
			shellPath = /bin/sh;
			shellScript = "diff \"${PODS_PODFILE_DIR_PATH}/Podfile.lock\" \"${PODS_ROOT}/Manifest.lock\" > /dev/null\nif [ $? != 0 ] ; then\n    # print error to STDERR\n    echo \"error: The sandbox is not in sync with the Podfile.lock. Run 'pod install' or update your CocoaPods installation.\" >&2\n    exit 1\nfi\n# This output is used by Xcode 'outputs' to avoid re-running this script phase.\necho \"SUCCESS\" > \"${SCRIPT_OUTPUT_FILE_0}\"\n";
			showEnvVarsInLog = 0;
		};
/* End PBXShellScriptBuildPhase section */

/* Begin PBXSourcesBuildPhase section */
		D46B461A29890842008713C6 /* Sources */ = {
			isa = PBXSourcesBuildPhase;
			buildActionMask = 2147483647;
			files = (
				D46B462629890842008713C6 /* ViewController.swift in Sources */,
				D46B462229890842008713C6 /* AppDelegate.swift in Sources */,
				D46B462429890842008713C6 /* SceneDelegate.swift in Sources */,
				D46B465E298A5217008713C6 /* FilterTypeCell.swift in Sources */,
			);
			runOnlyForDeploymentPostprocessing = 0;
		};
		D46B463029890845008713C6 /* Sources */ = {
			isa = PBXSourcesBuildPhase;
			buildActionMask = 2147483647;
			files = (
				D46B463929890845008713C6 /* EditVideoTests.swift in Sources */,
			);
			runOnlyForDeploymentPostprocessing = 0;
		};
		D46B463A29890845008713C6 /* Sources */ = {
			isa = PBXSourcesBuildPhase;
			buildActionMask = 2147483647;
			files = (
				D46B464529890845008713C6 /* EditVideoUITestsLaunchTests.swift in Sources */,
				D46B464329890845008713C6 /* EditVideoUITests.swift in Sources */,
			);
			runOnlyForDeploymentPostprocessing = 0;
		};
/* End PBXSourcesBuildPhase section */

/* Begin PBXTargetDependency section */
		D46B463629890845008713C6 /* PBXTargetDependency */ = {
			isa = PBXTargetDependency;
			target = D46B461D29890842008713C6 /* EditVideo */;
			targetProxy = D46B463529890845008713C6 /* PBXContainerItemProxy */;
		};
		D46B464029890845008713C6 /* PBXTargetDependency */ = {
			isa = PBXTargetDependency;
			target = D46B461D29890842008713C6 /* EditVideo */;
			targetProxy = D46B463F29890845008713C6 /* PBXContainerItemProxy */;
		};
/* End PBXTargetDependency section */

/* Begin PBXVariantGroup section */
		D46B462729890842008713C6 /* Main.storyboard */ = {
			isa = PBXVariantGroup;
			children = (
				D46B462829890842008713C6 /* Base */,
			);
			name = Main.storyboard;
			sourceTree = "<group>";
		};
		D46B462C29890845008713C6 /* LaunchScreen.storyboard */ = {
			isa = PBXVariantGroup;
			children = (
				D46B462D29890845008713C6 /* Base */,
			);
			name = LaunchScreen.storyboard;
			sourceTree = "<group>";
		};
/* End PBXVariantGroup section */

/* Begin XCBuildConfiguration section */
		D46B464629890845008713C6 /* Debug */ = {
			isa = XCBuildConfiguration;
			buildSettings = {
				ALWAYS_SEARCH_USER_PATHS = NO;
				CLANG_ANALYZER_NONNULL = YES;
				CLANG_ANALYZER_NUMBER_OBJECT_CONVERSION = YES_AGGRESSIVE;
				CLANG_CXX_LANGUAGE_STANDARD = "gnu++17";
				CLANG_ENABLE_MODULES = YES;
				CLANG_ENABLE_OBJC_ARC = YES;
				CLANG_ENABLE_OBJC_WEAK = YES;
				CLANG_WARN_BLOCK_CAPTURE_AUTORELEASING = YES;
				CLANG_WARN_BOOL_CONVERSION = YES;
				CLANG_WARN_COMMA = YES;
				CLANG_WARN_CONSTANT_CONVERSION = YES;
				CLANG_WARN_DEPRECATED_OBJC_IMPLEMENTATIONS = YES;
				CLANG_WARN_DIRECT_OBJC_ISA_USAGE = YES_ERROR;
				CLANG_WARN_DOCUMENTATION_COMMENTS = YES;
				CLANG_WARN_EMPTY_BODY = YES;
				CLANG_WARN_ENUM_CONVERSION = YES;
				CLANG_WARN_INFINITE_RECURSION = YES;
				CLANG_WARN_INT_CONVERSION = YES;
				CLANG_WARN_NON_LITERAL_NULL_CONVERSION = YES;
				CLANG_WARN_OBJC_IMPLICIT_RETAIN_SELF = YES;
				CLANG_WARN_OBJC_LITERAL_CONVERSION = YES;
				CLANG_WARN_OBJC_ROOT_CLASS = YES_ERROR;
				CLANG_WARN_QUOTED_INCLUDE_IN_FRAMEWORK_HEADER = YES;
				CLANG_WARN_RANGE_LOOP_ANALYSIS = YES;
				CLANG_WARN_STRICT_PROTOTYPES = YES;
				CLANG_WARN_SUSPICIOUS_MOVE = YES;
				CLANG_WARN_UNGUARDED_AVAILABILITY = YES_AGGRESSIVE;
				CLANG_WARN_UNREACHABLE_CODE = YES;
				CLANG_WARN__DUPLICATE_METHOD_MATCH = YES;
				COPY_PHASE_STRIP = NO;
				DEBUG_INFORMATION_FORMAT = dwarf;
				ENABLE_STRICT_OBJC_MSGSEND = YES;
				ENABLE_TESTABILITY = YES;
				GCC_C_LANGUAGE_STANDARD = gnu11;
				GCC_DYNAMIC_NO_PIC = NO;
				GCC_NO_COMMON_BLOCKS = YES;
				GCC_OPTIMIZATION_LEVEL = 0;
				GCC_PREPROCESSOR_DEFINITIONS = (
					"DEBUG=1",
					"$(inherited)",
				);
				GCC_WARN_64_TO_32_BIT_CONVERSION = YES;
				GCC_WARN_ABOUT_RETURN_TYPE = YES_ERROR;
				GCC_WARN_UNDECLARED_SELECTOR = YES;
				GCC_WARN_UNINITIALIZED_AUTOS = YES_AGGRESSIVE;
				GCC_WARN_UNUSED_FUNCTION = YES;
				GCC_WARN_UNUSED_VARIABLE = YES;
				IPHONEOS_DEPLOYMENT_TARGET = 15.5;
				MTL_ENABLE_DEBUG_INFO = INCLUDE_SOURCE;
				MTL_FAST_MATH = YES;
				ONLY_ACTIVE_ARCH = YES;
				SDKROOT = iphoneos;
				SWIFT_ACTIVE_COMPILATION_CONDITIONS = DEBUG;
				SWIFT_OPTIMIZATION_LEVEL = "-Onone";
			};
			name = Debug;
		};
		D46B464729890845008713C6 /* Release */ = {
			isa = XCBuildConfiguration;
			buildSettings = {
				ALWAYS_SEARCH_USER_PATHS = NO;
				CLANG_ANALYZER_NONNULL = YES;
				CLANG_ANALYZER_NUMBER_OBJECT_CONVERSION = YES_AGGRESSIVE;
				CLANG_CXX_LANGUAGE_STANDARD = "gnu++17";
				CLANG_ENABLE_MODULES = YES;
				CLANG_ENABLE_OBJC_ARC = YES;
				CLANG_ENABLE_OBJC_WEAK = YES;
				CLANG_WARN_BLOCK_CAPTURE_AUTORELEASING = YES;
				CLANG_WARN_BOOL_CONVERSION = YES;
				CLANG_WARN_COMMA = YES;
				CLANG_WARN_CONSTANT_CONVERSION = YES;
				CLANG_WARN_DEPRECATED_OBJC_IMPLEMENTATIONS = YES;
				CLANG_WARN_DIRECT_OBJC_ISA_USAGE = YES_ERROR;
				CLANG_WARN_DOCUMENTATION_COMMENTS = YES;
				CLANG_WARN_EMPTY_BODY = YES;
				CLANG_WARN_ENUM_CONVERSION = YES;
				CLANG_WARN_INFINITE_RECURSION = YES;
				CLANG_WARN_INT_CONVERSION = YES;
				CLANG_WARN_NON_LITERAL_NULL_CONVERSION = YES;
				CLANG_WARN_OBJC_IMPLICIT_RETAIN_SELF = YES;
				CLANG_WARN_OBJC_LITERAL_CONVERSION = YES;
				CLANG_WARN_OBJC_ROOT_CLASS = YES_ERROR;
				CLANG_WARN_QUOTED_INCLUDE_IN_FRAMEWORK_HEADER = YES;
				CLANG_WARN_RANGE_LOOP_ANALYSIS = YES;
				CLANG_WARN_STRICT_PROTOTYPES = YES;
				CLANG_WARN_SUSPICIOUS_MOVE = YES;
				CLANG_WARN_UNGUARDED_AVAILABILITY = YES_AGGRESSIVE;
				CLANG_WARN_UNREACHABLE_CODE = YES;
				CLANG_WARN__DUPLICATE_METHOD_MATCH = YES;
				COPY_PHASE_STRIP = NO;
				DEBUG_INFORMATION_FORMAT = "dwarf-with-dsym";
				ENABLE_NS_ASSERTIONS = NO;
				ENABLE_STRICT_OBJC_MSGSEND = YES;
				GCC_C_LANGUAGE_STANDARD = gnu11;
				GCC_NO_COMMON_BLOCKS = YES;
				GCC_WARN_64_TO_32_BIT_CONVERSION = YES;
				GCC_WARN_ABOUT_RETURN_TYPE = YES_ERROR;
				GCC_WARN_UNDECLARED_SELECTOR = YES;
				GCC_WARN_UNINITIALIZED_AUTOS = YES_AGGRESSIVE;
				GCC_WARN_UNUSED_FUNCTION = YES;
				GCC_WARN_UNUSED_VARIABLE = YES;
				IPHONEOS_DEPLOYMENT_TARGET = 15.5;
				MTL_ENABLE_DEBUG_INFO = NO;
				MTL_FAST_MATH = YES;
				SDKROOT = iphoneos;
				SWIFT_COMPILATION_MODE = wholemodule;
				SWIFT_OPTIMIZATION_LEVEL = "-O";
				VALIDATE_PRODUCT = YES;
			};
			name = Release;
		};
		D46B464929890845008713C6 /* Debug */ = {
			isa = XCBuildConfiguration;
			baseConfigurationReference = A88CFD96832E1AC3884A5A00 /* Pods-EditVideo.debug.xcconfig */;
			buildSettings = {
				ASSETCATALOG_COMPILER_APPICON_NAME = AppIcon;
				ASSETCATALOG_COMPILER_GLOBAL_ACCENT_COLOR_NAME = AccentColor;
				CODE_SIGN_STYLE = Automatic;
				CURRENT_PROJECT_VERSION = 1;
				DEVELOPMENT_TEAM = 7X3D98TXTN;
				GENERATE_INFOPLIST_FILE = YES;
				INFOPLIST_FILE = EditVideo/Info.plist;
				INFOPLIST_KEY_UIApplicationSupportsIndirectInputEvents = YES;
				INFOPLIST_KEY_UILaunchStoryboardName = LaunchScreen;
				INFOPLIST_KEY_UIMainStoryboardFile = Main;
				INFOPLIST_KEY_UISupportedInterfaceOrientations_iPad = "UIInterfaceOrientationPortrait UIInterfaceOrientationPortraitUpsideDown UIInterfaceOrientationLandscapeLeft UIInterfaceOrientationLandscapeRight";
				INFOPLIST_KEY_UISupportedInterfaceOrientations_iPhone = "UIInterfaceOrientationPortrait UIInterfaceOrientationLandscapeLeft UIInterfaceOrientationLandscapeRight";
				LD_RUNPATH_SEARCH_PATHS = (
					"$(inherited)",
					"@executable_path/Frameworks",
				);
				MARKETING_VERSION = 1.0;
				PRODUCT_BUNDLE_IDENTIFIER = com.example.EditVideo;
				PRODUCT_NAME = "$(TARGET_NAME)";
				SWIFT_EMIT_LOC_STRINGS = YES;
				SWIFT_VERSION = 5.0;
				TARGETED_DEVICE_FAMILY = "1,2";
			};
			name = Debug;
		};
		D46B464A29890845008713C6 /* Release */ = {
			isa = XCBuildConfiguration;
			baseConfigurationReference = A6CA9F2DE92ED9E6E6267378 /* Pods-EditVideo.release.xcconfig */;
			buildSettings = {
				ASSETCATALOG_COMPILER_APPICON_NAME = AppIcon;
				ASSETCATALOG_COMPILER_GLOBAL_ACCENT_COLOR_NAME = AccentColor;
				CODE_SIGN_STYLE = Automatic;
				CURRENT_PROJECT_VERSION = 1;
				DEVELOPMENT_TEAM = 7X3D98TXTN;
				GENERATE_INFOPLIST_FILE = YES;
				INFOPLIST_FILE = EditVideo/Info.plist;
				INFOPLIST_KEY_UIApplicationSupportsIndirectInputEvents = YES;
				INFOPLIST_KEY_UILaunchStoryboardName = LaunchScreen;
				INFOPLIST_KEY_UIMainStoryboardFile = Main;
				INFOPLIST_KEY_UISupportedInterfaceOrientations_iPad = "UIInterfaceOrientationPortrait UIInterfaceOrientationPortraitUpsideDown UIInterfaceOrientationLandscapeLeft UIInterfaceOrientationLandscapeRight";
				INFOPLIST_KEY_UISupportedInterfaceOrientations_iPhone = "UIInterfaceOrientationPortrait UIInterfaceOrientationLandscapeLeft UIInterfaceOrientationLandscapeRight";
				LD_RUNPATH_SEARCH_PATHS = (
					"$(inherited)",
					"@executable_path/Frameworks",
				);
				MARKETING_VERSION = 1.0;
				PRODUCT_BUNDLE_IDENTIFIER = com.example.EditVideo;
				PRODUCT_NAME = "$(TARGET_NAME)";
				SWIFT_EMIT_LOC_STRINGS = YES;
				SWIFT_VERSION = 5.0;
				TARGETED_DEVICE_FAMILY = "1,2";
			};
			name = Release;
		};
		D46B464C29890845008713C6 /* Debug */ = {
			isa = XCBuildConfiguration;
			baseConfigurationReference = 33282D560C388F702DF17A94 /* Pods-EditVideoTests.debug.xcconfig */;
			buildSettings = {
				ALWAYS_EMBED_SWIFT_STANDARD_LIBRARIES = YES;
				BUNDLE_LOADER = "$(TEST_HOST)";
				CODE_SIGN_STYLE = Automatic;
				CURRENT_PROJECT_VERSION = 1;
				DEVELOPMENT_TEAM = 7X3D98TXTN;
				GENERATE_INFOPLIST_FILE = YES;
				IPHONEOS_DEPLOYMENT_TARGET = 15.5;
				MARKETING_VERSION = 1.0;
				PRODUCT_BUNDLE_IDENTIFIER = com.example.EditVideoTests;
				PRODUCT_NAME = "$(TARGET_NAME)";
				SWIFT_EMIT_LOC_STRINGS = NO;
				SWIFT_VERSION = 5.0;
				TARGETED_DEVICE_FAMILY = "1,2";
				TEST_HOST = "$(BUILT_PRODUCTS_DIR)/EditVideo.app/EditVideo";
			};
			name = Debug;
		};
		D46B464D29890845008713C6 /* Release */ = {
			isa = XCBuildConfiguration;
			baseConfigurationReference = 6F15D580DF428D16C4C6E74E /* Pods-EditVideoTests.release.xcconfig */;
			buildSettings = {
				ALWAYS_EMBED_SWIFT_STANDARD_LIBRARIES = YES;
				BUNDLE_LOADER = "$(TEST_HOST)";
				CODE_SIGN_STYLE = Automatic;
				CURRENT_PROJECT_VERSION = 1;
				DEVELOPMENT_TEAM = 7X3D98TXTN;
				GENERATE_INFOPLIST_FILE = YES;
				IPHONEOS_DEPLOYMENT_TARGET = 15.5;
				MARKETING_VERSION = 1.0;
				PRODUCT_BUNDLE_IDENTIFIER = com.example.EditVideoTests;
				PRODUCT_NAME = "$(TARGET_NAME)";
				SWIFT_EMIT_LOC_STRINGS = NO;
				SWIFT_VERSION = 5.0;
				TARGETED_DEVICE_FAMILY = "1,2";
				TEST_HOST = "$(BUILT_PRODUCTS_DIR)/EditVideo.app/EditVideo";
			};
			name = Release;
		};
		D46B464F29890845008713C6 /* Debug */ = {
			isa = XCBuildConfiguration;
			baseConfigurationReference = BDD8F02B0E0D73B7D14B8B9C /* Pods-EditVideo-EditVideoUITests.debug.xcconfig */;
			buildSettings = {
				ALWAYS_EMBED_SWIFT_STANDARD_LIBRARIES = YES;
				CODE_SIGN_STYLE = Automatic;
				CURRENT_PROJECT_VERSION = 1;
				DEVELOPMENT_TEAM = 7X3D98TXTN;
				GENERATE_INFOPLIST_FILE = YES;
				MARKETING_VERSION = 1.0;
				PRODUCT_BUNDLE_IDENTIFIER = com.example.EditVideoUITests;
				PRODUCT_NAME = "$(TARGET_NAME)";
				SWIFT_EMIT_LOC_STRINGS = NO;
				SWIFT_VERSION = 5.0;
				TARGETED_DEVICE_FAMILY = "1,2";
				TEST_TARGET_NAME = EditVideo;
			};
			name = Debug;
		};
		D46B465029890845008713C6 /* Release */ = {
			isa = XCBuildConfiguration;
			baseConfigurationReference = 5829EF82EA091F78E604BCB0 /* Pods-EditVideo-EditVideoUITests.release.xcconfig */;
			buildSettings = {
				ALWAYS_EMBED_SWIFT_STANDARD_LIBRARIES = YES;
				CODE_SIGN_STYLE = Automatic;
				CURRENT_PROJECT_VERSION = 1;
				DEVELOPMENT_TEAM = 7X3D98TXTN;
				GENERATE_INFOPLIST_FILE = YES;
				MARKETING_VERSION = 1.0;
				PRODUCT_BUNDLE_IDENTIFIER = com.example.EditVideoUITests;
				PRODUCT_NAME = "$(TARGET_NAME)";
				SWIFT_EMIT_LOC_STRINGS = NO;
				SWIFT_VERSION = 5.0;
				TARGETED_DEVICE_FAMILY = "1,2";
				TEST_TARGET_NAME = EditVideo;
			};
			name = Release;
		};
/* End XCBuildConfiguration section */

/* Begin XCConfigurationList section */
		D46B461929890842008713C6 /* Build configuration list for PBXProject "EditVideo" */ = {
			isa = XCConfigurationList;
			buildConfigurations = (
				D46B464629890845008713C6 /* Debug */,
				D46B464729890845008713C6 /* Release */,
			);
			defaultConfigurationIsVisible = 0;
			defaultConfigurationName = Release;
		};
		D46B464829890845008713C6 /* Build configuration list for PBXNativeTarget "EditVideo" */ = {
			isa = XCConfigurationList;
			buildConfigurations = (
				D46B464929890845008713C6 /* Debug */,
				D46B464A29890845008713C6 /* Release */,
			);
			defaultConfigurationIsVisible = 0;
			defaultConfigurationName = Release;
		};
		D46B464B29890845008713C6 /* Build configuration list for PBXNativeTarget "EditVideoTests" */ = {
			isa = XCConfigurationList;
			buildConfigurations = (
				D46B464C29890845008713C6 /* Debug */,
				D46B464D29890845008713C6 /* Release */,
			);
			defaultConfigurationIsVisible = 0;
			defaultConfigurationName = Release;
		};
		D46B464E29890845008713C6 /* Build configuration list for PBXNativeTarget "EditVideoUITests" */ = {
			isa = XCConfigurationList;
			buildConfigurations = (
				D46B464F29890845008713C6 /* Debug */,
				D46B465029890845008713C6 /* Release */,
			);
			defaultConfigurationIsVisible = 0;
			defaultConfigurationName = Release;
		};
/* End XCConfigurationList section */
	};
	rootObject = D46B461629890842008713C6 /* Project object */;
}
