// !$*UTF8*$!
{
	archiveVersion = 1;
	classes = {
	};
	objectVersion = 55;
	objects = {

/* Begin PBXBuildFile section */
		C24F62F0D18304E96FBFA859 /* Pods_EditVideo.framework in Frameworks */ = {isa = PBXBuildFile; fileRef = 8AC3834556C336B262A2DE0C /* Pods_EditVideo.framework */; };
		D46B462229890842008713C6 /* AppDelegate.swift in Sources */ = {isa = PBXBuildFile; fileRef = D46B462129890842008713C6 /* AppDelegate.swift */; };
		D46B462429890842008713C6 /* SceneDelegate.swift in Sources */ = {isa = PBXBuildFile; fileRef = D46B462329890842008713C6 /* SceneDelegate.swift */; };
		D46B462629890842008713C6 /* ViewController.swift in Sources */ = {isa = PBXBuildFile; fileRef = D46B462529890842008713C6 /* ViewController.swift */; };
		D46B462929890842008713C6 /* Main.storyboard in Resources */ = {isa = PBXBuildFile; fileRef = D46B462729890842008713C6 /* Main.storyboard */; };
		D46B462B29890845008713C6 /* Assets.xcassets in Resources */ = {isa = PBXBuildFile; fileRef = D46B462A29890845008713C6 /* Assets.xcassets */; };
		D46B462E29890845008713C6 /* LaunchScreen.storyboard in Resources */ = {isa = PBXBuildFile; fileRef = D46B462C29890845008713C6 /* LaunchScreen.storyboard */; };
		D46B465C298A520B008713C6 /* FilterTypeCell.xib in Resources */ = {isa = PBXBuildFile; fileRef = D46B465B298A520B008713C6 /* FilterTypeCell.xib */; };
		D46B465E298A5217008713C6 /* FilterTypeCell.swift in Sources */ = {isa = PBXBuildFile; fileRef = D46B465D298A5217008713C6 /* FilterTypeCell.swift */; };
		D46B4660298B5B29008713C6 /* UIImage+Extension.swift in Sources */ = {isa = PBXBuildFile; fileRef = D46B465F298B5B28008713C6 /* UIImage+Extension.swift */; };
		D46B4662298B93E4008713C6 /* EditImage.swift in Sources */ = {isa = PBXBuildFile; fileRef = D46B4661298B93E3008713C6 /* EditImage.swift */; };
		D46B4665298BA181008713C6 /* AdjustTypeCell.xib in Resources */ = {isa = PBXBuildFile; fileRef = D46B4664298BA181008713C6 /* AdjustTypeCell.xib */; };
		D46B4667298BA29F008713C6 /* AdjustTypeCell.swift in Sources */ = {isa = PBXBuildFile; fileRef = D46B4666298BA29F008713C6 /* AdjustTypeCell.swift */; };
		D4B36B3F29A8583A00696E49 /* FSPagerViewDelegateProxy.swift in Sources */ = {isa = PBXBuildFile; fileRef = D4B36B3E29A8583A00696E49 /* FSPagerViewDelegateProxy.swift */; };
		D4B36B4129A8B74300696E49 /* RxFSPagerViewDataSourceType.swift in Sources */ = {isa = PBXBuildFile; fileRef = D4B36B4029A8B74300696E49 /* RxFSPagerViewDataSourceType.swift */; };
		D4B36B4329A8BB2E00696E49 /* FSPagerViewDataSourceProxy.swift in Sources */ = {isa = PBXBuildFile; fileRef = D4B36B4229A8BB2D00696E49 /* FSPagerViewDataSourceProxy.swift */; };
		D4B36B4529AC4D9500696E49 /* RxFSPagerViewReactiveArrayDataSourceSequenceWrapper.swift in Sources */ = {isa = PBXBuildFile; fileRef = D4B36B4429AC4D9500696E49 /* RxFSPagerViewReactiveArrayDataSourceSequenceWrapper.swift */; };
		D4B36B4729AC4DD000696E49 /* FSPagerView+Rx.swift in Sources */ = {isa = PBXBuildFile; fileRef = D4B36B4629AC4DD000696E49 /* FSPagerView+Rx.swift */; };
		D4B36B4929ADFE7100696E49 /* FSPagerView+Etx.swift in Sources */ = {isa = PBXBuildFile; fileRef = D4B36B4829ADFE7100696E49 /* FSPagerView+Etx.swift */; };
		D4B6D2B12994E7EA00413FEC /* CustomFilter.m in Sources */ = {isa = PBXBuildFile; fileRef = D4B6D2B02994E7EA00413FEC /* CustomFilter.m */; };
		D4B6D2B32995EF0000413FEC /* CustomColorMatrix.m in Sources */ = {isa = PBXBuildFile; fileRef = D4B6D2B22995EF0000413FEC /* CustomColorMatrix.m */; };
		D4D26162298FC411001DE822 /* ProgressHUD.swift in Sources */ = {isa = PBXBuildFile; fileRef = D4D26161298FC411001DE822 /* ProgressHUD.swift */; };
		D4D261642991E6AC001DE822 /* Float+Extension.swift in Sources */ = {isa = PBXBuildFile; fileRef = D4D261632991E6AC001DE822 /* Float+Extension.swift */; };
/* End PBXBuildFile section */

/* Begin PBXBuildRule section */
		D4B6D2AA2993A9E800413FEC /* PBXBuildRule */ = {
			isa = PBXBuildRule;
			compilerSpec = com.apple.compilers.proxy.script;
			filePatterns = "*.ci.metal";
			fileType = pattern.proxy;
			inputFiles = (
			);
			isEditable = 1;
			outputFiles = (
				"$(DERIVED_FILE_DIR)/${INPUT_FILE_BASE}.air",
			);
			runOncePerArchitecture = 0;
			script = "xcrun metal -c -fcikernel \"${INPUT_FILE_PATH}\" \\\n  -o \"${SCRIPT_OUTPUT_FILE_0}\"\n";
		};
		D4B6D2AB2993AA3200413FEC /* PBXBuildRule */ = {
			isa = PBXBuildRule;
			compilerSpec = com.apple.compilers.proxy.script;
			filePatterns = "*.ci.air";
			fileType = pattern.proxy;
			inputFiles = (
			);
			isEditable = 1;
			outputFiles = (
				"$(METAL_LIBRARY_OUTPUT_DIR)/$(INPUT_FILE_BASE).metallib",
			);
			runOncePerArchitecture = 0;
			script = "xcrun metallib -cikernel \"${INPUT_FILE_PATH}\" -o \"${SCRIPT_OUTPUT_FILE_0}\"\n";
		};
/* End PBXBuildRule section */

/* Begin PBXFileReference section */
		2EF5F111343F215A8F52FB8B /* Pods_EditVideoTests.framework */ = {isa = PBXFileReference; explicitFileType = wrapper.framework; includeInIndex = 0; path = Pods_EditVideoTests.framework; sourceTree = BUILT_PRODUCTS_DIR; };
		33282D560C388F702DF17A94 /* Pods-EditVideoTests.debug.xcconfig */ = {isa = PBXFileReference; includeInIndex = 1; lastKnownFileType = text.xcconfig; name = "Pods-EditVideoTests.debug.xcconfig"; path = "Target Support Files/Pods-EditVideoTests/Pods-EditVideoTests.debug.xcconfig"; sourceTree = "<group>"; };
		5829EF82EA091F78E604BCB0 /* Pods-EditVideo-EditVideoUITests.release.xcconfig */ = {isa = PBXFileReference; includeInIndex = 1; lastKnownFileType = text.xcconfig; name = "Pods-EditVideo-EditVideoUITests.release.xcconfig"; path = "Target Support Files/Pods-EditVideo-EditVideoUITests/Pods-EditVideo-EditVideoUITests.release.xcconfig"; sourceTree = "<group>"; };
		6F15D580DF428D16C4C6E74E /* Pods-EditVideoTests.release.xcconfig */ = {isa = PBXFileReference; includeInIndex = 1; lastKnownFileType = text.xcconfig; name = "Pods-EditVideoTests.release.xcconfig"; path = "Target Support Files/Pods-EditVideoTests/Pods-EditVideoTests.release.xcconfig"; sourceTree = "<group>"; };
		8AC3834556C336B262A2DE0C /* Pods_EditVideo.framework */ = {isa = PBXFileReference; explicitFileType = wrapper.framework; includeInIndex = 0; path = Pods_EditVideo.framework; sourceTree = BUILT_PRODUCTS_DIR; };
		A6CA9F2DE92ED9E6E6267378 /* Pods-EditVideo.release.xcconfig */ = {isa = PBXFileReference; includeInIndex = 1; lastKnownFileType = text.xcconfig; name = "Pods-EditVideo.release.xcconfig"; path = "Target Support Files/Pods-EditVideo/Pods-EditVideo.release.xcconfig"; sourceTree = "<group>"; };
		A88CFD96832E1AC3884A5A00 /* Pods-EditVideo.debug.xcconfig */ = {isa = PBXFileReference; includeInIndex = 1; lastKnownFileType = text.xcconfig; name = "Pods-EditVideo.debug.xcconfig"; path = "Target Support Files/Pods-EditVideo/Pods-EditVideo.debug.xcconfig"; sourceTree = "<group>"; };
		BDD8F02B0E0D73B7D14B8B9C /* Pods-EditVideo-EditVideoUITests.debug.xcconfig */ = {isa = PBXFileReference; includeInIndex = 1; lastKnownFileType = text.xcconfig; name = "Pods-EditVideo-EditVideoUITests.debug.xcconfig"; path = "Target Support Files/Pods-EditVideo-EditVideoUITests/Pods-EditVideo-EditVideoUITests.debug.xcconfig"; sourceTree = "<group>"; };
		D45B1BC5299B7E73005A745F /* MyPlayground.playground */ = {isa = PBXFileReference; lastKnownFileType = file.playground; path = MyPlayground.playground; sourceTree = "<group>"; xcLanguageSpecificationIdentifier = xcode.lang.swift; };
		D46B461E29890842008713C6 /* EditVideo.app */ = {isa = PBXFileReference; explicitFileType = wrapper.application; includeInIndex = 0; path = EditVideo.app; sourceTree = BUILT_PRODUCTS_DIR; };
		D46B462129890842008713C6 /* AppDelegate.swift */ = {isa = PBXFileReference; lastKnownFileType = sourcecode.swift; path = AppDelegate.swift; sourceTree = "<group>"; };
		D46B462329890842008713C6 /* SceneDelegate.swift */ = {isa = PBXFileReference; lastKnownFileType = sourcecode.swift; path = SceneDelegate.swift; sourceTree = "<group>"; };
		D46B462529890842008713C6 /* ViewController.swift */ = {isa = PBXFileReference; lastKnownFileType = sourcecode.swift; path = ViewController.swift; sourceTree = "<group>"; };
		D46B462829890842008713C6 /* Base */ = {isa = PBXFileReference; lastKnownFileType = file.storyboard; name = Base; path = Base.lproj/Main.storyboard; sourceTree = "<group>"; };
		D46B462A29890845008713C6 /* Assets.xcassets */ = {isa = PBXFileReference; lastKnownFileType = folder.assetcatalog; path = Assets.xcassets; sourceTree = "<group>"; };
		D46B462D29890845008713C6 /* Base */ = {isa = PBXFileReference; lastKnownFileType = file.storyboard; name = Base; path = Base.lproj/LaunchScreen.storyboard; sourceTree = "<group>"; };
		D46B462F29890845008713C6 /* Info.plist */ = {isa = PBXFileReference; lastKnownFileType = text.plist.xml; path = Info.plist; sourceTree = "<group>"; };
		D46B465B298A520B008713C6 /* FilterTypeCell.xib */ = {isa = PBXFileReference; lastKnownFileType = file.xib; path = FilterTypeCell.xib; sourceTree = "<group>"; };
		D46B465D298A5217008713C6 /* FilterTypeCell.swift */ = {isa = PBXFileReference; lastKnownFileType = sourcecode.swift; path = FilterTypeCell.swift; sourceTree = "<group>"; };
		D46B465F298B5B28008713C6 /* UIImage+Extension.swift */ = {isa = PBXFileReference; lastKnownFileType = sourcecode.swift; path = "UIImage+Extension.swift"; sourceTree = "<group>"; };
		D46B4661298B93E3008713C6 /* EditImage.swift */ = {isa = PBXFileReference; lastKnownFileType = sourcecode.swift; path = EditImage.swift; sourceTree = "<group>"; };
		D46B4664298BA181008713C6 /* AdjustTypeCell.xib */ = {isa = PBXFileReference; lastKnownFileType = file.xib; path = AdjustTypeCell.xib; sourceTree = "<group>"; };
		D46B4666298BA29F008713C6 /* AdjustTypeCell.swift */ = {isa = PBXFileReference; lastKnownFileType = sourcecode.swift; path = AdjustTypeCell.swift; sourceTree = "<group>"; };
		D4B36B3E29A8583A00696E49 /* FSPagerViewDelegateProxy.swift */ = {isa = PBXFileReference; lastKnownFileType = sourcecode.swift; path = FSPagerViewDelegateProxy.swift; sourceTree = "<group>"; };
		D4B36B4029A8B74300696E49 /* RxFSPagerViewDataSourceType.swift */ = {isa = PBXFileReference; lastKnownFileType = sourcecode.swift; path = RxFSPagerViewDataSourceType.swift; sourceTree = "<group>"; };
		D4B36B4229A8BB2D00696E49 /* FSPagerViewDataSourceProxy.swift */ = {isa = PBXFileReference; lastKnownFileType = sourcecode.swift; path = FSPagerViewDataSourceProxy.swift; sourceTree = "<group>"; };
		D4B36B4429AC4D9500696E49 /* RxFSPagerViewReactiveArrayDataSourceSequenceWrapper.swift */ = {isa = PBXFileReference; lastKnownFileType = sourcecode.swift; path = RxFSPagerViewReactiveArrayDataSourceSequenceWrapper.swift; sourceTree = "<group>"; };
		D4B36B4629AC4DD000696E49 /* FSPagerView+Rx.swift */ = {isa = PBXFileReference; lastKnownFileType = sourcecode.swift; path = "FSPagerView+Rx.swift"; sourceTree = "<group>"; };
		D4B36B4829ADFE7100696E49 /* FSPagerView+Etx.swift */ = {isa = PBXFileReference; lastKnownFileType = sourcecode.swift; path = "FSPagerView+Etx.swift"; sourceTree = "<group>"; };
		D4B36B4A29AEF81F00696E49 /* TimeBasedOperators.playground */ = {isa = PBXFileReference; lastKnownFileType = file.playground; path = TimeBasedOperators.playground; sourceTree = "<group>"; xcLanguageSpecificationIdentifier = xcode.lang.swift; };
		D4B6D2AF2994E7E900413FEC /* CustomFilter.h */ = {isa = PBXFileReference; lastKnownFileType = sourcecode.c.h; path = CustomFilter.h; sourceTree = "<group>"; };
		D4B6D2B02994E7EA00413FEC /* CustomFilter.m */ = {isa = PBXFileReference; lastKnownFileType = sourcecode.c.objc; path = CustomFilter.m; sourceTree = "<group>"; };
		D4B6D2B22995EF0000413FEC /* CustomColorMatrix.m */ = {isa = PBXFileReference; lastKnownFileType = sourcecode.c.objc; path = CustomColorMatrix.m; sourceTree = "<group>"; };
		D4B6D2B42995F11B00413FEC /* CustomColorMatrix.h */ = {isa = PBXFileReference; lastKnownFileType = sourcecode.c.h; path = CustomColorMatrix.h; sourceTree = "<group>"; };
		D4D26161298FC411001DE822 /* ProgressHUD.swift */ = {isa = PBXFileReference; lastKnownFileType = sourcecode.swift; path = ProgressHUD.swift; sourceTree = "<group>"; };
		D4D261632991E6AC001DE822 /* Float+Extension.swift */ = {isa = PBXFileReference; lastKnownFileType = sourcecode.swift; path = "Float+Extension.swift"; sourceTree = "<group>"; };
		F59D30B159A91FABC3385368 /* Pods_EditVideo_EditVideoUITests.framework */ = {isa = PBXFileReference; explicitFileType = wrapper.framework; includeInIndex = 0; path = Pods_EditVideo_EditVideoUITests.framework; sourceTree = BUILT_PRODUCTS_DIR; };
/* End PBXFileReference section */

/* Begin PBXFrameworksBuildPhase section */
		D46B461B29890842008713C6 /* Frameworks */ = {
			isa = PBXFrameworksBuildPhase;
			buildActionMask = 2147483647;
			files = (
				C24F62F0D18304E96FBFA859 /* Pods_EditVideo.framework in Frameworks */,
			);
			runOnlyForDeploymentPostprocessing = 0;
		};
/* End PBXFrameworksBuildPhase section */

/* Begin PBXGroup section */
		365978762F64615DEED4355D /* Pods */ = {
			isa = PBXGroup;
			children = (
				A88CFD96832E1AC3884A5A00 /* Pods-EditVideo.debug.xcconfig */,
				A6CA9F2DE92ED9E6E6267378 /* Pods-EditVideo.release.xcconfig */,
				BDD8F02B0E0D73B7D14B8B9C /* Pods-EditVideo-EditVideoUITests.debug.xcconfig */,
				5829EF82EA091F78E604BCB0 /* Pods-EditVideo-EditVideoUITests.release.xcconfig */,
				33282D560C388F702DF17A94 /* Pods-EditVideoTests.debug.xcconfig */,
				6F15D580DF428D16C4C6E74E /* Pods-EditVideoTests.release.xcconfig */,
			);
			path = Pods;
			sourceTree = "<group>";
		};
		503FA0B1DFC5647F90A37B8A /* Frameworks */ = {
			isa = PBXGroup;
			children = (
				8AC3834556C336B262A2DE0C /* Pods_EditVideo.framework */,
				F59D30B159A91FABC3385368 /* Pods_EditVideo_EditVideoUITests.framework */,
				2EF5F111343F215A8F52FB8B /* Pods_EditVideoTests.framework */,
			);
			name = Frameworks;
			sourceTree = "<group>";
		};
		D46B461529890842008713C6 = {
			isa = PBXGroup;
			children = (
				D4B36B4A29AEF81F00696E49 /* TimeBasedOperators.playground */,
				D45B1BC5299B7E73005A745F /* MyPlayground.playground */,
				D46B462029890842008713C6 /* EditVideo */,
				D46B461F29890842008713C6 /* Products */,
				365978762F64615DEED4355D /* Pods */,
				503FA0B1DFC5647F90A37B8A /* Frameworks */,
			);
			sourceTree = "<group>";
		};
		D46B461F29890842008713C6 /* Products */ = {
			isa = PBXGroup;
			children = (
				D46B461E29890842008713C6 /* EditVideo.app */,
			);
			name = Products;
			sourceTree = "<group>";
		};
		D46B462029890842008713C6 /* EditVideo */ = {
			isa = PBXGroup;
			children = (
				D4B36B3D29A8582700696E49 /* Extension */,
				D4B6D2AC2993AAC200413FEC /* Filters */,
				D46B4663298BA13E008713C6 /* AdjustTypeCell */,
				D46B465A298A51F2008713C6 /* FilterTypeCell */,
				D46B462129890842008713C6 /* AppDelegate.swift */,
				D46B462329890842008713C6 /* SceneDelegate.swift */,
				D46B462529890842008713C6 /* ViewController.swift */,
				D46B462729890842008713C6 /* Main.storyboard */,
				D46B462A29890845008713C6 /* Assets.xcassets */,
				D46B462C29890845008713C6 /* LaunchScreen.storyboard */,
				D46B462F29890845008713C6 /* Info.plist */,
				D46B465F298B5B28008713C6 /* UIImage+Extension.swift */,
				D46B4661298B93E3008713C6 /* EditImage.swift */,
				D4D26161298FC411001DE822 /* ProgressHUD.swift */,
				D4D261632991E6AC001DE822 /* Float+Extension.swift */,
			);
			path = EditVideo;
			sourceTree = "<group>";
		};
		D46B465A298A51F2008713C6 /* FilterTypeCell */ = {
			isa = PBXGroup;
			children = (
				D46B465B298A520B008713C6 /* FilterTypeCell.xib */,
				D46B465D298A5217008713C6 /* FilterTypeCell.swift */,
			);
			path = FilterTypeCell;
			sourceTree = "<group>";
		};
		D46B4663298BA13E008713C6 /* AdjustTypeCell */ = {
			isa = PBXGroup;
			children = (
				D46B4664298BA181008713C6 /* AdjustTypeCell.xib */,
				D46B4666298BA29F008713C6 /* AdjustTypeCell.swift */,
			);
			path = AdjustTypeCell;
			sourceTree = "<group>";
		};
		D4B36B3D29A8582700696E49 /* Extension */ = {
			isa = PBXGroup;
			children = (
				D4B36B3E29A8583A00696E49 /* FSPagerViewDelegateProxy.swift */,
				D4B36B4229A8BB2D00696E49 /* FSPagerViewDataSourceProxy.swift */,
				D4B36B4029A8B74300696E49 /* RxFSPagerViewDataSourceType.swift */,
				D4B36B4429AC4D9500696E49 /* RxFSPagerViewReactiveArrayDataSourceSequenceWrapper.swift */,
				D4B36B4629AC4DD000696E49 /* FSPagerView+Rx.swift */,
				D4B36B4829ADFE7100696E49 /* FSPagerView+Etx.swift */,
			);
			path = Extension;
			sourceTree = "<group>";
		};
		D4B6D2AC2993AAC200413FEC /* Filters */ = {
			isa = PBXGroup;
			children = (
				D4B6D2B02994E7EA00413FEC /* CustomFilter.m */,
				D4B6D2AF2994E7E900413FEC /* CustomFilter.h */,
				D4B6D2B22995EF0000413FEC /* CustomColorMatrix.m */,
				D4B6D2B42995F11B00413FEC /* CustomColorMatrix.h */,
			);
			path = Filters;
			sourceTree = "<group>";
		};
/* End PBXGroup section */

/* Begin PBXNativeTarget section */
		D46B461D29890842008713C6 /* EditVideo */ = {
			isa = PBXNativeTarget;
			buildConfigurationList = D46B464829890845008713C6 /* Build configuration list for PBXNativeTarget "EditVideo" */;
			buildPhases = (
				3F158307E19029C5B9EF5C42 /* [CP] Check Pods Manifest.lock */,
				D46B461A29890842008713C6 /* Sources */,
				D46B461B29890842008713C6 /* Frameworks */,
				D46B461C29890842008713C6 /* Resources */,
				8AA8C982C3E857D145AEA9C1 /* [CP] Embed Pods Frameworks */,
			);
			buildRules = (
				D4B6D2AB2993AA3200413FEC /* PBXBuildRule */,
				D4B6D2AA2993A9E800413FEC /* PBXBuildRule */,
			);
			dependencies = (
			);
			name = EditVideo;
			productName = EditVideo;
			productReference = D46B461E29890842008713C6 /* EditVideo.app */;
			productType = "com.apple.product-type.application";
		};
/* End PBXNativeTarget section */

/* Begin PBXProject section */
		D46B461629890842008713C6 /* Project object */ = {
			isa = PBXProject;
			attributes = {
				BuildIndependentTargetsInParallel = 1;
				LastSwiftUpdateCheck = 1340;
				LastUpgradeCheck = 1340;
				TargetAttributes = {
					D46B461D29890842008713C6 = {
						CreatedOnToolsVersion = 13.4;
						LastSwiftMigration = 1420;
					};
				};
			};
			buildConfigurationList = D46B461929890842008713C6 /* Build configuration list for PBXProject "EditVideo" */;
			compatibilityVersion = "Xcode 13.0";
			developmentRegion = en;
			hasScannedForEncodings = 0;
			knownRegions = (
				en,
				Base,
			);
			mainGroup = D46B461529890842008713C6;
			productRefGroup = D46B461F29890842008713C6 /* Products */;
			projectDirPath = "";
			projectRoot = "";
			targets = (
				D46B461D29890842008713C6 /* EditVideo */,
			);
		};
/* End PBXProject section */

/* Begin PBXResourcesBuildPhase section */
		D46B461C29890842008713C6 /* Resources */ = {
			isa = PBXResourcesBuildPhase;
			buildActionMask = 2147483647;
			files = (
				D46B4665298BA181008713C6 /* AdjustTypeCell.xib in Resources */,
				D46B462E29890845008713C6 /* LaunchScreen.storyboard in Resources */,
				D46B462B29890845008713C6 /* Assets.xcassets in Resources */,
				D46B462929890842008713C6 /* Main.storyboard in Resources */,
				D46B465C298A520B008713C6 /* FilterTypeCell.xib in Resources */,
			);
			runOnlyForDeploymentPostprocessing = 0;
		};
/* End PBXResourcesBuildPhase section */

/* Begin PBXShellScriptBuildPhase section */
		3F158307E19029C5B9EF5C42 /* [CP] Check Pods Manifest.lock */ = {
			isa = PBXShellScriptBuildPhase;
			buildActionMask = 2147483647;
			files = (
			);
			inputFileListPaths = (
			);
			inputPaths = (
				"${PODS_PODFILE_DIR_PATH}/Podfile.lock",
				"${PODS_ROOT}/Manifest.lock",
			);
			name = "[CP] Check Pods Manifest.lock";
			outputFileListPaths = (
			);
			outputPaths = (
				"$(DERIVED_FILE_DIR)/Pods-EditVideo-checkManifestLockResult.txt",
			);
			runOnlyForDeploymentPostprocessing = 0;
			shellPath = /bin/sh;
			shellScript = "diff \"${PODS_PODFILE_DIR_PATH}/Podfile.lock\" \"${PODS_ROOT}/Manifest.lock\" > /dev/null\nif [ $? != 0 ] ; then\n    # print error to STDERR\n    echo \"error: The sandbox is not in sync with the Podfile.lock. Run 'pod install' or update your CocoaPods installation.\" >&2\n    exit 1\nfi\n# This output is used by Xcode 'outputs' to avoid re-running this script phase.\necho \"SUCCESS\" > \"${SCRIPT_OUTPUT_FILE_0}\"\n";
			showEnvVarsInLog = 0;
		};
		8AA8C982C3E857D145AEA9C1 /* [CP] Embed Pods Frameworks */ = {
			isa = PBXShellScriptBuildPhase;
			buildActionMask = 2147483647;
			files = (
			);
			inputFileListPaths = (
				"${PODS_ROOT}/Target Support Files/Pods-EditVideo/Pods-EditVideo-frameworks-${CONFIGURATION}-input-files.xcfilelist",
			);
			name = "[CP] Embed Pods Frameworks";
			outputFileListPaths = (
				"${PODS_ROOT}/Target Support Files/Pods-EditVideo/Pods-EditVideo-frameworks-${CONFIGURATION}-output-files.xcfilelist",
			);
			runOnlyForDeploymentPostprocessing = 0;
			shellPath = /bin/sh;
			shellScript = "\"${PODS_ROOT}/Target Support Files/Pods-EditVideo/Pods-EditVideo-frameworks.sh\"\n";
			showEnvVarsInLog = 0;
		};
/* End PBXShellScriptBuildPhase section */

/* Begin PBXSourcesBuildPhase section */
		D46B461A29890842008713C6 /* Sources */ = {
			isa = PBXSourcesBuildPhase;
			buildActionMask = 2147483647;
			files = (
				D46B462629890842008713C6 /* ViewController.swift in Sources */,
				D46B462229890842008713C6 /* AppDelegate.swift in Sources */,
				D4D26162298FC411001DE822 /* ProgressHUD.swift in Sources */,
				D4B36B3F29A8583A00696E49 /* FSPagerViewDelegateProxy.swift in Sources */,
				D4B36B4329A8BB2E00696E49 /* FSPagerViewDataSourceProxy.swift in Sources */,
				D4B36B4929ADFE7100696E49 /* FSPagerView+Etx.swift in Sources */,
				D4B36B4529AC4D9500696E49 /* RxFSPagerViewReactiveArrayDataSourceSequenceWrapper.swift in Sources */,
				D46B4662298B93E4008713C6 /* EditImage.swift in Sources */,
				D4B36B4729AC4DD000696E49 /* FSPagerView+Rx.swift in Sources */,
				D46B4667298BA29F008713C6 /* AdjustTypeCell.swift in Sources */,
				D4B6D2B32995EF0000413FEC /* CustomColorMatrix.m in Sources */,
				D46B4660298B5B29008713C6 /* UIImage+Extension.swift in Sources */,
				D46B462429890842008713C6 /* SceneDelegate.swift in Sources */,
				D4D261642991E6AC001DE822 /* Float+Extension.swift in Sources */,
				D4B6D2B12994E7EA00413FEC /* CustomFilter.m in Sources */,
				D46B465E298A5217008713C6 /* FilterTypeCell.swift in Sources */,
				D4B36B4129A8B74300696E49 /* RxFSPagerViewDataSourceType.swift in Sources */,
			);
			runOnlyForDeploymentPostprocessing = 0;
		};
/* End PBXSourcesBuildPhase section */

/* Begin PBXVariantGroup section */
		D46B462729890842008713C6 /* Main.storyboard */ = {
			isa = PBXVariantGroup;
			children = (
				D46B462829890842008713C6 /* Base */,
			);
			name = Main.storyboard;
			sourceTree = "<group>";
		};
		D46B462C29890845008713C6 /* LaunchScreen.storyboard */ = {
			isa = PBXVariantGroup;
			children = (
				D46B462D29890845008713C6 /* Base */,
			);
			name = LaunchScreen.storyboard;
			sourceTree = "<group>";
		};
/* End PBXVariantGroup section */

/* Begin XCBuildConfiguration section */
		D46B464629890845008713C6 /* Debug */ = {
			isa = XCBuildConfiguration;
			buildSettings = {
				ALWAYS_SEARCH_USER_PATHS = NO;
				CLANG_ANALYZER_NONNULL = YES;
				CLANG_ANALYZER_NUMBER_OBJECT_CONVERSION = YES_AGGRESSIVE;
				CLANG_CXX_LANGUAGE_STANDARD = "gnu++17";
				CLANG_ENABLE_MODULES = YES;
				CLANG_ENABLE_OBJC_ARC = YES;
				CLANG_ENABLE_OBJC_WEAK = YES;
				CLANG_WARN_BLOCK_CAPTURE_AUTORELEASING = YES;
				CLANG_WARN_BOOL_CONVERSION = YES;
				CLANG_WARN_COMMA = YES;
				CLANG_WARN_CONSTANT_CONVERSION = YES;
				CLANG_WARN_DEPRECATED_OBJC_IMPLEMENTATIONS = YES;
				CLANG_WARN_DIRECT_OBJC_ISA_USAGE = YES_ERROR;
				CLANG_WARN_DOCUMENTATION_COMMENTS = YES;
				CLANG_WARN_EMPTY_BODY = YES;
				CLANG_WARN_ENUM_CONVERSION = YES;
				CLANG_WARN_INFINITE_RECURSION = YES;
				CLANG_WARN_INT_CONVERSION = YES;
				CLANG_WARN_NON_LITERAL_NULL_CONVERSION = YES;
				CLANG_WARN_OBJC_IMPLICIT_RETAIN_SELF = YES;
				CLANG_WARN_OBJC_LITERAL_CONVERSION = YES;
				CLANG_WARN_OBJC_ROOT_CLASS = YES_ERROR;
				CLANG_WARN_QUOTED_INCLUDE_IN_FRAMEWORK_HEADER = YES;
				CLANG_WARN_RANGE_LOOP_ANALYSIS = YES;
				CLANG_WARN_STRICT_PROTOTYPES = YES;
				CLANG_WARN_SUSPICIOUS_MOVE = YES;
				CLANG_WARN_UNGUARDED_AVAILABILITY = YES_AGGRESSIVE;
				CLANG_WARN_UNREACHABLE_CODE = YES;
				CLANG_WARN__DUPLICATE_METHOD_MATCH = YES;
				COPY_PHASE_STRIP = NO;
				DEBUG_INFORMATION_FORMAT = dwarf;
				ENABLE_STRICT_OBJC_MSGSEND = YES;
				ENABLE_TESTABILITY = YES;
				GCC_C_LANGUAGE_STANDARD = gnu11;
				GCC_DYNAMIC_NO_PIC = NO;
				GCC_NO_COMMON_BLOCKS = YES;
				GCC_OPTIMIZATION_LEVEL = 0;
				GCC_PREPROCESSOR_DEFINITIONS = (
					"DEBUG=1",
					"$(inherited)",
				);
				GCC_WARN_64_TO_32_BIT_CONVERSION = YES;
				GCC_WARN_ABOUT_RETURN_TYPE = YES_ERROR;
				GCC_WARN_UNDECLARED_SELECTOR = YES;
				GCC_WARN_UNINITIALIZED_AUTOS = YES_AGGRESSIVE;
				GCC_WARN_UNUSED_FUNCTION = YES;
				GCC_WARN_UNUSED_VARIABLE = YES;
				IPHONEOS_DEPLOYMENT_TARGET = 15.5;
				MTL_ENABLE_DEBUG_INFO = INCLUDE_SOURCE;
				MTL_FAST_MATH = YES;
				ONLY_ACTIVE_ARCH = YES;
				SDKROOT = iphoneos;
				SWIFT_ACTIVE_COMPILATION_CONDITIONS = DEBUG;
				SWIFT_OPTIMIZATION_LEVEL = "-Onone";
			};
			name = Debug;
		};
		D46B464729890845008713C6 /* Release */ = {
			isa = XCBuildConfiguration;
			buildSettings = {
				ALWAYS_SEARCH_USER_PATHS = NO;
				CLANG_ANALYZER_NONNULL = YES;
				CLANG_ANALYZER_NUMBER_OBJECT_CONVERSION = YES_AGGRESSIVE;
				CLANG_CXX_LANGUAGE_STANDARD = "gnu++17";
				CLANG_ENABLE_MODULES = YES;
				CLANG_ENABLE_OBJC_ARC = YES;
				CLANG_ENABLE_OBJC_WEAK = YES;
				CLANG_WARN_BLOCK_CAPTURE_AUTORELEASING = YES;
				CLANG_WARN_BOOL_CONVERSION = YES;
				CLANG_WARN_COMMA = YES;
				CLANG_WARN_CONSTANT_CONVERSION = YES;
				CLANG_WARN_DEPRECATED_OBJC_IMPLEMENTATIONS = YES;
				CLANG_WARN_DIRECT_OBJC_ISA_USAGE = YES_ERROR;
				CLANG_WARN_DOCUMENTATION_COMMENTS = YES;
				CLANG_WARN_EMPTY_BODY = YES;
				CLANG_WARN_ENUM_CONVERSION = YES;
				CLANG_WARN_INFINITE_RECURSION = YES;
				CLANG_WARN_INT_CONVERSION = YES;
				CLANG_WARN_NON_LITERAL_NULL_CONVERSION = YES;
				CLANG_WARN_OBJC_IMPLICIT_RETAIN_SELF = YES;
				CLANG_WARN_OBJC_LITERAL_CONVERSION = YES;
				CLANG_WARN_OBJC_ROOT_CLASS = YES_ERROR;
				CLANG_WARN_QUOTED_INCLUDE_IN_FRAMEWORK_HEADER = YES;
				CLANG_WARN_RANGE_LOOP_ANALYSIS = YES;
				CLANG_WARN_STRICT_PROTOTYPES = YES;
				CLANG_WARN_SUSPICIOUS_MOVE = YES;
				CLANG_WARN_UNGUARDED_AVAILABILITY = YES_AGGRESSIVE;
				CLANG_WARN_UNREACHABLE_CODE = YES;
				CLANG_WARN__DUPLICATE_METHOD_MATCH = YES;
				COPY_PHASE_STRIP = NO;
				DEBUG_INFORMATION_FORMAT = "dwarf-with-dsym";
				ENABLE_NS_ASSERTIONS = NO;
				ENABLE_STRICT_OBJC_MSGSEND = YES;
				GCC_C_LANGUAGE_STANDARD = gnu11;
				GCC_NO_COMMON_BLOCKS = YES;
				GCC_WARN_64_TO_32_BIT_CONVERSION = YES;
				GCC_WARN_ABOUT_RETURN_TYPE = YES_ERROR;
				GCC_WARN_UNDECLARED_SELECTOR = YES;
				GCC_WARN_UNINITIALIZED_AUTOS = YES_AGGRESSIVE;
				GCC_WARN_UNUSED_FUNCTION = YES;
				GCC_WARN_UNUSED_VARIABLE = YES;
				IPHONEOS_DEPLOYMENT_TARGET = 15.5;
				MTL_ENABLE_DEBUG_INFO = NO;
				MTL_FAST_MATH = YES;
				SDKROOT = iphoneos;
				SWIFT_COMPILATION_MODE = wholemodule;
				SWIFT_OPTIMIZATION_LEVEL = "-O";
				VALIDATE_PRODUCT = YES;
			};
			name = Release;
		};
		D46B464929890845008713C6 /* Debug */ = {
			isa = XCBuildConfiguration;
			baseConfigurationReference = A88CFD96832E1AC3884A5A00 /* Pods-EditVideo.debug.xcconfig */;
			buildSettings = {
				ASSETCATALOG_COMPILER_APPICON_NAME = AppIcon;
				ASSETCATALOG_COMPILER_GLOBAL_ACCENT_COLOR_NAME = AccentColor;
				CLANG_ENABLE_MODULES = YES;
				CODE_SIGN_STYLE = Automatic;
				CURRENT_PROJECT_VERSION = 1;
				DEVELOPMENT_TEAM = 7X3D98TXTN;
				GENERATE_INFOPLIST_FILE = YES;
				INFOPLIST_FILE = EditVideo/Info.plist;
				INFOPLIST_KEY_UIApplicationSupportsIndirectInputEvents = YES;
				INFOPLIST_KEY_UILaunchStoryboardName = LaunchScreen;
				INFOPLIST_KEY_UIMainStoryboardFile = Main;
				INFOPLIST_KEY_UISupportedInterfaceOrientations_iPad = "UIInterfaceOrientationPortrait UIInterfaceOrientationPortraitUpsideDown UIInterfaceOrientationLandscapeLeft UIInterfaceOrientationLandscapeRight";
				INFOPLIST_KEY_UISupportedInterfaceOrientations_iPhone = "UIInterfaceOrientationPortrait UIInterfaceOrientationLandscapeLeft UIInterfaceOrientationLandscapeRight";
				IPHONEOS_DEPLOYMENT_TARGET = 14.6;
				LD_RUNPATH_SEARCH_PATHS = (
					"$(inherited)",
					"@executable_path/Frameworks",
				);
				MARKETING_VERSION = 1.0;
				PRODUCT_BUNDLE_IDENTIFIER = com.example.EditVideo;
				PRODUCT_NAME = "$(TARGET_NAME)";
				SUPPORTED_PLATFORMS = "iphoneos iphonesimulator";
				SUPPORTS_MACCATALYST = NO;
				SUPPORTS_MAC_DESIGNED_FOR_IPHONE_IPAD = NO;
				SWIFT_EMIT_LOC_STRINGS = YES;
				SWIFT_OBJC_BRIDGING_HEADER = EditVideo/Filters/CustomFilter.h;
				SWIFT_OPTIMIZATION_LEVEL = "-Onone";
				SWIFT_VERSION = 5.0;
				TARGETED_DEVICE_FAMILY = "1,2";
			};
			name = Debug;
		};
		D46B464A29890845008713C6 /* Release */ = {
			isa = XCBuildConfiguration;
			baseConfigurationReference = A6CA9F2DE92ED9E6E6267378 /* Pods-EditVideo.release.xcconfig */;
			buildSettings = {
				ASSETCATALOG_COMPILER_APPICON_NAME = AppIcon;
				ASSETCATALOG_COMPILER_GLOBAL_ACCENT_COLOR_NAME = AccentColor;
				CLANG_ENABLE_MODULES = YES;
				CODE_SIGN_STYLE = Automatic;
				CURRENT_PROJECT_VERSION = 1;
				DEVELOPMENT_TEAM = 7X3D98TXTN;
				GENERATE_INFOPLIST_FILE = YES;
				INFOPLIST_FILE = EditVideo/Info.plist;
				INFOPLIST_KEY_UIApplicationSupportsIndirectInputEvents = YES;
				INFOPLIST_KEY_UILaunchStoryboardName = LaunchScreen;
				INFOPLIST_KEY_UIMainStoryboardFile = Main;
				INFOPLIST_KEY_UISupportedInterfaceOrientations_iPad = "UIInterfaceOrientationPortrait UIInterfaceOrientationPortraitUpsideDown UIInterfaceOrientationLandscapeLeft UIInterfaceOrientationLandscapeRight";
				INFOPLIST_KEY_UISupportedInterfaceOrientations_iPhone = "UIInterfaceOrientationPortrait UIInterfaceOrientationLandscapeLeft UIInterfaceOrientationLandscapeRight";
				IPHONEOS_DEPLOYMENT_TARGET = 14.6;
				LD_RUNPATH_SEARCH_PATHS = (
					"$(inherited)",
					"@executable_path/Frameworks",
				);
				MARKETING_VERSION = 1.0;
				PRODUCT_BUNDLE_IDENTIFIER = com.example.EditVideo;
				PRODUCT_NAME = "$(TARGET_NAME)";
				SUPPORTED_PLATFORMS = "iphoneos iphonesimulator";
				SUPPORTS_MACCATALYST = NO;
				SUPPORTS_MAC_DESIGNED_FOR_IPHONE_IPAD = NO;
				SWIFT_EMIT_LOC_STRINGS = YES;
				SWIFT_OBJC_BRIDGING_HEADER = EditVideo/Filters/CustomFilter.h;
				SWIFT_VERSION = 5.0;
				TARGETED_DEVICE_FAMILY = "1,2";
			};
			name = Release;
		};
/* End XCBuildConfiguration section */

/* Begin XCConfigurationList section */
		D46B461929890842008713C6 /* Build configuration list for PBXProject "EditVideo" */ = {
			isa = XCConfigurationList;
			buildConfigurations = (
				D46B464629890845008713C6 /* Debug */,
				D46B464729890845008713C6 /* Release */,
			);
			defaultConfigurationIsVisible = 0;
			defaultConfigurationName = Release;
		};
		D46B464829890845008713C6 /* Build configuration list for PBXNativeTarget "EditVideo" */ = {
			isa = XCConfigurationList;
			buildConfigurations = (
				D46B464929890845008713C6 /* Debug */,
				D46B464A29890845008713C6 /* Release */,
			);
			defaultConfigurationIsVisible = 0;
			defaultConfigurationName = Release;
		};
/* End XCConfigurationList section */
	};
	rootObject = D46B461629890842008713C6 /* Project object */;
}
